
Microsoft Visual Studio Solution File, Format Version 12.00
# Visual Studio Version 17
VisualStudioVersion = 17.13.35828.75 d17.13
MinimumVisualStudioVersion = 10.0.40219.1
Project("{FAE04EC0-301F-11D3-BF4B-00C04F79EFBC}") = "PEDIDOS", "PEDIDOS.csproj", "{A30A3B45-DB91-4B08-9B40-A2902FF30728}"
EndProject
Global
	GlobalSection(SolutionConfigurationPlatforms) = preSolution
		Debug|Any CPU = Debug|Any CPU
		Release|Any CPU = Release|Any CPU
	EndGlobalSection
	GlobalSection(ProjectConfigurationPlatforms) = postSolution
		{A30A3B45-DB91-4B08-9B40-A2902FF30728}.Debug|Any CPU.ActiveCfg = Debug|Any CPU
		{A30A3B45-DB91-4B08-9B40-A2902FF30728}.Debug|Any CPU.Build.0 = Debug|Any CPU
		{A30A3B45-DB91-4B08-9B40-A2902FF30728}.Release|Any CPU.ActiveCfg = Release|Any CPU
		{A30A3B45-DB91-4B08-9B40-A2902FF30728}.Release|Any CPU.Build.0 = Release|Any CPU
	EndGlobalSection
	GlobalSection(SolutionProperties) = preSolution
		HideSolutionNode = FALSE
	EndGlobalSection
	GlobalSection(ExtensibilityGlobals) = postSolution
		SolutionGuid = {01ED505B-BDBE-44D1-B35A-8478792F6B82}
	EndGlobalSection
EndGlobal
